# THIS IS AN AUTOGENERATED FILE. DO NOT EDIT THIS FILE DIRECTLY.
# yarn lockfile v1


prettier@latest:
  version "2.7.1"
  resolved "https://registry.yarnpkg.com/prettier/-/prettier-2.7.1.tgz#e235806850d057f97bb08368a4f7d899f7760c64"
  integrity sha512-ujppO+MkdPqoVINuDFDRLClm7D78qbDt0/NR+wp5FqEZOoTNAjPHWj17QRhu7geIHJfcNhRk1XVQmF8Bp3ye+g==

turbo-android-arm64@1.4.0:
  version "1.4.0"
  resolved "https://registry.yarnpkg.com/turbo-android-arm64/-/turbo-android-arm64-1.4.0.tgz#dc6d3815013d5ec0022e4470c35a3b9d70964f14"
  integrity sha512-k03ztiuVpRqFiXl452HUsDgns0KrDtKL+e19h3eVJZFlr0lXtMBAcjh6qkh9lSmBW99NGSESGbsdaL9cp6F/vw==

turbo-darwin-64@1.4.0:
  version "1.4.0"
  resolved "https://registry.yarnpkg.com/turbo-darwin-64/-/turbo-darwin-64-1.4.0.tgz#d1d35fca2c76666192aa63d8de51dae201bf985b"
  integrity sha512-uj6p1marrEIFBX1nv4+LRg4e1vTYXTsv2DUB0e/LeAf9G2dRzh/MtSwBWuUaFLCcDvMSsnOeComgEkKuYyeVfw==

turbo-darwin-arm64@1.4.0:
  version "1.4.0"
  resolved "https://registry.yarnpkg.com/turbo-darwin-arm64/-/turbo-darwin-arm64-1.4.0.tgz#554772f42aac0762e9441f001b3897aab5c831bd"
  integrity sha512-O6xBDY3LUJVctQBkbPoHHDsUIhuJTdIgIY/w4ZPRgdv51fj6uBJRolj9lLx1jGioLqjUaj/sXIizlaPar6tm5A==

turbo-freebsd-64@1.4.0:
  version "1.4.0"
  resolved "https://registry.yarnpkg.com/turbo-freebsd-64/-/turbo-freebsd-64-1.4.0.tgz#84f1852cba9eb14495992fd92f7a85ccab91fb73"
  integrity sha512-103LbqCHxDHCz0xmpWis5JHkti2Irlq7n7vAk43+Kkxrz8UqhbrSfe0qUhkYltvxQ/R5cKAOKmBT5eZCO85+Xw==

turbo-freebsd-arm64@1.4.0:
  version "1.4.0"
  resolved "https://registry.yarnpkg.com/turbo-freebsd-arm64/-/turbo-freebsd-arm64-1.4.0.tgz#9efa07236ad4a0fc05a874fc952b28c300c57d68"
  integrity sha512-Cf+TGpQTpogSd/SsGhz1uQMhNVYYT1GeGg9iJ99rjjzbdC1zjdmeCbgUwyUUx5wVVM832o5fWaCJai3My3PDDQ==

turbo-linux-32@1.4.0:
  version "1.4.0"
  resolved "https://registry.yarnpkg.com/turbo-linux-32/-/turbo-linux-32-1.4.0.tgz#c4f930e3036bb543a9af00c15960b6ed8a6b414d"
  integrity sha512-bJn78F+mH45g6xPFTdn7PLzixMuqugGz4Db9dPLijWQzeKzVz52qpN7WGUZwfPZtQOs0HUI8woH6eqAZMdT2ZA==

turbo-linux-64@1.4.0:
  version "1.4.0"
  resolved "https://registry.yarnpkg.com/turbo-linux-64/-/turbo-linux-64-1.4.0.tgz#9688b4c118755834c03ef02dbc0c16fc80d42544"
  integrity sha512-1+WyeJ1CBOnXNQl+Qke4NWvy3Zymp0NoxmJcZAmVBhwqAqGyERypeDznMfFmFtpG99/ZhmT7xwilz3Bw3Eyukw==

turbo-linux-arm64@1.4.0:
  version "1.4.0"
  resolved "https://registry.yarnpkg.com/turbo-linux-arm64/-/turbo-linux-arm64-1.4.0.tgz#7619e13118ed9c282903fe950539fbb64f568e04"
  integrity sha512-DUtBhN0+o4XULQ9hsnzp6nI4mycMH7PpjKtG2HdmiZIhSYipSKWIMZkvgJpnpVJoRarLe7PmcDJIBp2aXvw2xw==

turbo-linux-arm@1.4.0:
  version "1.4.0"
  resolved "https://registry.yarnpkg.com/turbo-linux-arm/-/turbo-linux-arm-1.4.0.tgz#04fd2eba485438f244d09d5f52c7938f40895b2a"
  integrity sha512-9DEUP1pKWCwMDuriYCuTf+73oBIxTU4VLdkP89dtPoQVXW6mviES4gRXm8jAs6AOzzMI4DHgNKPxk7UKUvuExQ==

turbo-linux-mips64le@1.4.0:
  version "1.4.0"
  resolved "https://registry.yarnpkg.com/turbo-linux-mips64le/-/turbo-linux-mips64le-1.4.0.tgz#f4c91875b58b22ab1c74110365ad351d0f2ad250"
  integrity sha512-ZJcQvUgmCJ4TFosVL6hEmECP5ysSubF3wMOq5hkBxzRMBjL0djW+BK4aIXutBTpjAz9OyM10S4KeEGeGRS/e3Q==

turbo-linux-ppc64le@1.4.0:
  version "1.4.0"
  resolved "https://registry.yarnpkg.com/turbo-linux-ppc64le/-/turbo-linux-ppc64le-1.4.0.tgz#237fd4262d79851d745ae0952a47629e8d320a90"
  integrity sha512-sk/rOrcGnYRcwNP8yJwmeOOzInv7YzMfWBomVf/TwrpsGL8QrD05zjsMR+lGxYNoNOJIHbroracjHaLvKWZN7A==

turbo-windows-32@1.4.0:
  version "1.4.0"
  resolved "https://registry.yarnpkg.com/turbo-windows-32/-/turbo-windows-32-1.4.0.tgz#88dd0930b4d7db66565a17e0f389d1f2e05b1938"
  integrity sha512-5fmS6J3ZvhWRss+sFw2edOElVeKtk0l9yCoCYltPeFSy3+ArXws06ik3Z318SuKlbFu/+VTbM/NyBleKru+0ag==

turbo-windows-64@1.4.0:
  version "1.4.0"
  resolved "https://registry.yarnpkg.com/turbo-windows-64/-/turbo-windows-64-1.4.0.tgz#5ef6aaf3b47fcfc868fcc85623fcc1cebc2ae332"
  integrity sha512-FZZBHjb8BYpEGbVOpJEEFAjS3xxUVg76MBPXqRb5IUPQeXiCd8VfO4UApn9syjUuTLORBoWLmSf3xp7vd1cIgA==

turbo-windows-arm64@1.4.0:
  version "1.4.0"
  resolved "https://registry.yarnpkg.com/turbo-windows-arm64/-/turbo-windows-arm64-1.4.0.tgz#c6862aaea9c1d5a5694b9524a9e5fca94a82820a"
  integrity sha512-mJAlDf5/qBVMVv+q+0/2PF5tRHKz4mgtl/DnRn5n/rIfRvElGkjlPbQwJdXuMCEQVE9FMOAGRCstu0dkcdTluQ==

turbo@latest:
  version "1.4.0"
  resolved "https://registry.yarnpkg.com/turbo/-/turbo-1.4.0.tgz#6ff8e53f624303533c22bbcaca93b2557cf392b7"
  integrity sha512-k2x8QqunK/96tqzB7aRCQ601H7N2PnxTcrEH9NoJjN5sJeymnfn/dQ8l6HrSyuYrW259W3N/AWAAUhpXnUyitA==
  optionalDependencies:
    turbo-android-arm64 "1.4.0"
    turbo-darwin-64 "1.4.0"
    turbo-darwin-arm64 "1.4.0"
    turbo-freebsd-64 "1.4.0"
    turbo-freebsd-arm64 "1.4.0"
    turbo-linux-32 "1.4.0"
    turbo-linux-64 "1.4.0"
    turbo-linux-arm "1.4.0"
    turbo-linux-arm64 "1.4.0"
    turbo-linux-mips64le "1.4.0"
    turbo-linux-ppc64le "1.4.0"
    turbo-windows-32 "1.4.0"
    turbo-windows-64 "1.4.0"
    turbo-windows-arm64 "1.4.0"
